
Microsoft Visual Studio Solution File, Format Version 12.00
# Visual Studio Version 16
VisualStudioVersion = 16.0.30717.126
MinimumVisualStudioVersion = 10.0.40219.1
Project("{8BC9CEB8-8B4A-11D0-8D11-00A0C91BC942}") = "std_any", "std_any.vcxproj", "{FBAB9418-FA49-4538-B88F-5532ACFE6383}"
EndProject
Global
	GlobalSection(SolutionConfigurationPlatforms) = preSolution
		Debug|x64 = Debug|x64
		Debug|x86 = Debug|x86
		Release|x64 = Release|x64
		Release|x86 = Release|x86
	EndGlobalSection
	GlobalSection(ProjectConfigurationPlatforms) = postSolution
		{FBAB9418-FA49-4538-B88F-5532ACFE6383}.Debug|x64.ActiveCfg = Debug|x64
		{FBAB9418-FA49-4538-B88F-5532ACFE6383}.Debug|x64.Build.0 = Debug|x64
		{FBAB9418-FA49-4538-B88F-5532ACFE6383}.Debug|x86.ActiveCfg = Debug|Win32
		{FBAB9418-FA49-4538-B88F-5532ACFE6383}.Debug|x86.Build.0 = Debug|Win32
		{FBAB9418-FA49-4538-B88F-5532ACFE6383}.Release|x64.ActiveCfg = Release|x64
		{FBAB9418-FA49-4538-B88F-5532ACFE6383}.Release|x64.Build.0 = Release|x64
		{FBAB9418-FA49-4538-B88F-5532ACFE6383}.Release|x86.ActiveCfg = Release|Win32
		{FBAB9418-FA49-4538-B88F-5532ACFE6383}.Release|x86.Build.0 = Release|Win32
	EndGlobalSection
	GlobalSection(SolutionProperties) = preSolution
		HideSolutionNode = FALSE
	EndGlobalSection
	GlobalSection(ExtensibilityGlobals) = postSolution
		SolutionGuid = {9256D7CC-EFD9-47E4-BCB6-2B7064F20CD2}
	EndGlobalSection
EndGlobal
