
Microsoft Visual Studio Solution File, Format Version 12.00
# Visual Studio Version 16
VisualStudioVersion = 16.0.30717.126
MinimumVisualStudioVersion = 10.0.40219.1
Project("{8BC9CEB8-8B4A-11D0-8D11-00A0C91BC942}") = "function pointers", "function pointers.vcxproj", "{72D5558A-BB8A-4DB5-8146-9A018C709FA3}"
EndProject
Global
	GlobalSection(SolutionConfigurationPlatforms) = preSolution
		Debug|x64 = Debug|x64
		Debug|x86 = Debug|x86
		Release|x64 = Release|x64
		Release|x86 = Release|x86
	EndGlobalSection
	GlobalSection(ProjectConfigurationPlatforms) = postSolution
		{72D5558A-BB8A-4DB5-8146-9A018C709FA3}.Debug|x64.ActiveCfg = Debug|x64
		{72D5558A-BB8A-4DB5-8146-9A018C709FA3}.Debug|x64.Build.0 = Debug|x64
		{72D5558A-BB8A-4DB5-8146-9A018C709FA3}.Debug|x86.ActiveCfg = Debug|Win32
		{72D5558A-BB8A-4DB5-8146-9A018C709FA3}.Debug|x86.Build.0 = Debug|Win32
		{72D5558A-BB8A-4DB5-8146-9A018C709FA3}.Release|x64.ActiveCfg = Release|x64
		{72D5558A-BB8A-4DB5-8146-9A018C709FA3}.Release|x64.Build.0 = Release|x64
		{72D5558A-BB8A-4DB5-8146-9A018C709FA3}.Release|x86.ActiveCfg = Release|Win32
		{72D5558A-BB8A-4DB5-8146-9A018C709FA3}.Release|x86.Build.0 = Release|Win32
	EndGlobalSection
	GlobalSection(SolutionProperties) = preSolution
		HideSolutionNode = FALSE
	EndGlobalSection
	GlobalSection(ExtensibilityGlobals) = postSolution
		SolutionGuid = {F21A9C8D-B601-47CB-8ED0-2E2D19A8CB87}
	EndGlobalSection
EndGlobal
