
Microsoft Visual Studio Solution File, Format Version 12.00
# Visual Studio Version 16
VisualStudioVersion = 16.0.30717.126
MinimumVisualStudioVersion = 10.0.40219.1
Project("{8BC9CEB8-8B4A-11D0-8D11-00A0C91BC942}") = "auto", "auto.vcxproj", "{6F6D88F3-5F5A-4602-AE08-13FA23D25A85}"
EndProject
Global
	GlobalSection(SolutionConfigurationPlatforms) = preSolution
		Debug|x64 = Debug|x64
		Debug|x86 = Debug|x86
		Release|x64 = Release|x64
		Release|x86 = Release|x86
	EndGlobalSection
	GlobalSection(ProjectConfigurationPlatforms) = postSolution
		{6F6D88F3-5F5A-4602-AE08-13FA23D25A85}.Debug|x64.ActiveCfg = Debug|x64
		{6F6D88F3-5F5A-4602-AE08-13FA23D25A85}.Debug|x64.Build.0 = Debug|x64
		{6F6D88F3-5F5A-4602-AE08-13FA23D25A85}.Debug|x86.ActiveCfg = Debug|Win32
		{6F6D88F3-5F5A-4602-AE08-13FA23D25A85}.Debug|x86.Build.0 = Debug|Win32
		{6F6D88F3-5F5A-4602-AE08-13FA23D25A85}.Release|x64.ActiveCfg = Release|x64
		{6F6D88F3-5F5A-4602-AE08-13FA23D25A85}.Release|x64.Build.0 = Release|x64
		{6F6D88F3-5F5A-4602-AE08-13FA23D25A85}.Release|x86.ActiveCfg = Release|Win32
		{6F6D88F3-5F5A-4602-AE08-13FA23D25A85}.Release|x86.Build.0 = Release|Win32
	EndGlobalSection
	GlobalSection(SolutionProperties) = preSolution
		HideSolutionNode = FALSE
	EndGlobalSection
	GlobalSection(ExtensibilityGlobals) = postSolution
		SolutionGuid = {1B7E7CC1-35DF-46D3-B4F1-55FF03907BED}
	EndGlobalSection
EndGlobal
