
Microsoft Visual Studio Solution File, Format Version 12.00
# Visual Studio Version 16
VisualStudioVersion = 16.0.30717.126
MinimumVisualStudioVersion = 10.0.40219.1
Project("{8BC9CEB8-8B4A-11D0-8D11-00A0C91BC942}") = "iterators", "iterators.vcxproj", "{74D8C8E9-83AA-4A81-9313-A4D6FAD8863C}"
EndProject
Global
	GlobalSection(SolutionConfigurationPlatforms) = preSolution
		Debug|x64 = Debug|x64
		Debug|x86 = Debug|x86
		Release|x64 = Release|x64
		Release|x86 = Release|x86
	EndGlobalSection
	GlobalSection(ProjectConfigurationPlatforms) = postSolution
		{74D8C8E9-83AA-4A81-9313-A4D6FAD8863C}.Debug|x64.ActiveCfg = Debug|x64
		{74D8C8E9-83AA-4A81-9313-A4D6FAD8863C}.Debug|x64.Build.0 = Debug|x64
		{74D8C8E9-83AA-4A81-9313-A4D6FAD8863C}.Debug|x86.ActiveCfg = Debug|Win32
		{74D8C8E9-83AA-4A81-9313-A4D6FAD8863C}.Debug|x86.Build.0 = Debug|Win32
		{74D8C8E9-83AA-4A81-9313-A4D6FAD8863C}.Release|x64.ActiveCfg = Release|x64
		{74D8C8E9-83AA-4A81-9313-A4D6FAD8863C}.Release|x64.Build.0 = Release|x64
		{74D8C8E9-83AA-4A81-9313-A4D6FAD8863C}.Release|x86.ActiveCfg = Release|Win32
		{74D8C8E9-83AA-4A81-9313-A4D6FAD8863C}.Release|x86.Build.0 = Release|Win32
	EndGlobalSection
	GlobalSection(SolutionProperties) = preSolution
		HideSolutionNode = FALSE
	EndGlobalSection
	GlobalSection(ExtensibilityGlobals) = postSolution
		SolutionGuid = {D418C1A9-E4B7-48FB-8844-3AD658D6138F}
	EndGlobalSection
EndGlobal
